// !$*UTF8*$!
{
	archiveVersion = 1;
	classes = {
	};
	objectVersion = 48;
	objects = {

/* Begin PBXBuildFile section */
		85D5F3191F93D6C900AB139E /* AppDelegate.swift in Sources */ = {isa = PBXBuildFile; fileRef = 85D5F3181F93D6C900AB139E /* AppDelegate.swift */; };
		85D5F31B1F93D6C900AB139E /* ViewController.swift in Sources */ = {isa = PBXBuildFile; fileRef = 85D5F31A1F93D6C900AB139E /* ViewController.swift */; };
		85D5F31E1F93D6C900AB139E /* Main.storyboard in Resources */ = {isa = PBXBuildFile; fileRef = 85D5F31C1F93D6C900AB139E /* Main.storyboard */; };
		85D5F3211F93D6C900AB139E /* Pray.xcdatamodeld in Sources */ = {isa = PBXBuildFile; fileRef = 85D5F31F1F93D6C900AB139E /* Pray.xcdatamodeld */; };
		85D5F3231F93D6C900AB139E /* Assets.xcassets in Resources */ = {isa = PBXBuildFile; fileRef = 85D5F3221F93D6C900AB139E /* Assets.xcassets */; };
		85D5F3261F93D6C900AB139E /* LaunchScreen.storyboard in Resources */ = {isa = PBXBuildFile; fileRef = 85D5F3241F93D6C900AB139E /* LaunchScreen.storyboard */; };
		85D5F3311F93D6C900AB139E /* PrayTests.swift in Sources */ = {isa = PBXBuildFile; fileRef = 85D5F3301F93D6C900AB139E /* PrayTests.swift */; };
		85D5F33C1F93D6C900AB139E /* PrayUITests.swift in Sources */ = {isa = PBXBuildFile; fileRef = 85D5F33B1F93D6C900AB139E /* PrayUITests.swift */; };
/* End PBXBuildFile section */

/* Begin PBXContainerItemProxy section */
		85D5F32D1F93D6C900AB139E /* PBXContainerItemProxy */ = {
			isa = PBXContainerItemProxy;
			containerPortal = 85D5F30D1F93D6C900AB139E /* Project object */;
			proxyType = 1;
			remoteGlobalIDString = 85D5F3141F93D6C900AB139E;
			remoteInfo = Pray;
		};
		85D5F3381F93D6C900AB139E /* PBXContainerItemProxy */ = {
			isa = PBXContainerItemProxy;
			containerPortal = 85D5F30D1F93D6C900AB139E /* Project object */;
			proxyType = 1;
			remoteGlobalIDString = 85D5F3141F93D6C900AB139E;
			remoteInfo = Pray;
		};
/* End PBXContainerItemProxy section */

/* Begin PBXFileReference section */
		85D5F3151F93D6C900AB139E /* Pray.app */ = {isa = PBXFileReference; explicitFileType = wrapper.application; includeInIndex = 0; path = Pray.app; sourceTree = BUILT_PRODUCTS_DIR; };
		85D5F3181F93D6C900AB139E /* AppDelegate.swift */ = {isa = PBXFileReference; lastKnownFileType = sourcecode.swift; path = AppDelegate.swift; sourceTree = "<group>"; };
		85D5F31A1F93D6C900AB139E /* ViewController.swift */ = {isa = PBXFileReference; lastKnownFileType = sourcecode.swift; path = ViewController.swift; sourceTree = "<group>"; };
		85D5F31D1F93D6C900AB139E /* Base */ = {isa = PBXFileReference; lastKnownFileType = file.storyboard; name = Base; path = Base.lproj/Main.storyboard; sourceTree = "<group>"; };
		85D5F3201F93D6C900AB139E /* Pray.xcdatamodel */ = {isa = PBXFileReference; lastKnownFileType = wrapper.xcdatamodel; path = Pray.xcdatamodel; sourceTree = "<group>"; };
		85D5F3221F93D6C900AB139E /* Assets.xcassets */ = {isa = PBXFileReference; lastKnownFileType = folder.assetcatalog; path = Assets.xcassets; sourceTree = "<group>"; };
		85D5F3251F93D6C900AB139E /* Base */ = {isa = PBXFileReference; lastKnownFileType = file.storyboard; name = Base; path = Base.lproj/LaunchScreen.storyboard; sourceTree = "<group>"; };
		85D5F3271F93D6C900AB139E /* Info.plist */ = {isa = PBXFileReference; lastKnownFileType = text.plist.xml; path = Info.plist; sourceTree = "<group>"; };
		85D5F32C1F93D6C900AB139E /* PrayTests.xctest */ = {isa = PBXFileReference; explicitFileType = wrapper.cfbundle; includeInIndex = 0; path = PrayTests.xctest; sourceTree = BUILT_PRODUCTS_DIR; };
		85D5F3301F93D6C900AB139E /* PrayTests.swift */ = {isa = PBXFileReference; lastKnownFileType = sourcecode.swift; path = PrayTests.swift; sourceTree = "<group>"; };
		85D5F3321F93D6C900AB139E /* Info.plist */ = {isa = PBXFileReference; lastKnownFileType = text.plist.xml; path = Info.plist; sourceTree = "<group>"; };
		85D5F3371F93D6C900AB139E /* PrayUITests.xctest */ = {isa = PBXFileReference; explicitFileType = wrapper.cfbundle; includeInIndex = 0; path = PrayUITests.xctest; sourceTree = BUILT_PRODUCTS_DIR; };
		85D5F33B1F93D6C900AB139E /* PrayUITests.swift */ = {isa = PBXFileReference; lastKnownFileType = sourcecode.swift; path = PrayUITests.swift; sourceTree = "<group>"; };
		85D5F33D1F93D6C900AB139E /* Info.plist */ = {isa = PBXFileReference; lastKnownFileType = text.plist.xml; path = Info.plist; sourceTree = "<group>"; };
/* End PBXFileReference section */

/* Begin PBXFrameworksBuildPhase section */
		85D5F3121F93D6C900AB139E /* Frameworks */ = {
			isa = PBXFrameworksBuildPhase;
			buildActionMask = 2147483647;
			files = (
			);
			runOnlyForDeploymentPostprocessing = 0;
		};
		85D5F3291F93D6C900AB139E /* Frameworks */ = {
			isa = PBXFrameworksBuildPhase;
			buildActionMask = 2147483647;
			files = (
			);
			runOnlyForDeploymentPostprocessing = 0;
		};
		85D5F3341F93D6C900AB139E /* Frameworks */ = {
			isa = PBXFrameworksBuildPhase;
			buildActionMask = 2147483647;
			files = (
			);
			runOnlyForDeploymentPostprocessing = 0;
		};
/* End PBXFrameworksBuildPhase section */

/* Begin PBXGroup section */
		85D5F30C1F93D6C900AB139E = {
			isa = PBXGroup;
			children = (
				85D5F3171F93D6C900AB139E /* Pray */,
				85D5F32F1F93D6C900AB139E /* PrayTests */,
				85D5F33A1F93D6C900AB139E /* PrayUITests */,
				85D5F3161F93D6C900AB139E /* Products */,
			);
			sourceTree = "<group>";
		};
		85D5F3161F93D6C900AB139E /* Products */ = {
			isa = PBXGroup;
			children = (
				85D5F3151F93D6C900AB139E /* Pray.app */,
				85D5F32C1F93D6C900AB139E /* PrayTests.xctest */,
				85D5F3371F93D6C900AB139E /* PrayUITests.xctest */,
			);
			name = Products;
			sourceTree = "<group>";
		};
		85D5F3171F93D6C900AB139E /* Pray */ = {
			isa = PBXGroup;
			children = (
				85D5F3181F93D6C900AB139E /* AppDelegate.swift */,
				85D5F31A1F93D6C900AB139E /* ViewController.swift */,
				85D5F31C1F93D6C900AB139E /* Main.storyboard */,
				85D5F3221F93D6C900AB139E /* Assets.xcassets */,
				85D5F3241F93D6C900AB139E /* LaunchScreen.storyboard */,
				85D5F3271F93D6C900AB139E /* Info.plist */,
				85D5F31F1F93D6C900AB139E /* Pray.xcdatamodeld */,
			);
			path = Pray;
			sourceTree = "<group>";
		};
		85D5F32F1F93D6C900AB139E /* PrayTests */ = {
			isa = PBXGroup;
			children = (
				85D5F3301F93D6C900AB139E /* PrayTests.swift */,
				85D5F3321F93D6C900AB139E /* Info.plist */,
			);
			path = PrayTests;
			sourceTree = "<group>";
		};
		85D5F33A1F93D6C900AB139E /* PrayUITests */ = {
			isa = PBXGroup;
			children = (
				85D5F33B1F93D6C900AB139E /* PrayUITests.swift */,
				85D5F33D1F93D6C900AB139E /* Info.plist */,
			);
			path = PrayUITests;
			sourceTree = "<group>";
		};
/* End PBXGroup section */

/* Begin PBXNativeTarget section */
		85D5F3141F93D6C900AB139E /* Pray */ = {
			isa = PBXNativeTarget;
			buildConfigurationList = 85D5F3401F93D6C900AB139E /* Build configuration list for PBXNativeTarget "Pray" */;
			buildPhases = (
				85D5F3111F93D6C900AB139E /* Sources */,
				85D5F3121F93D6C900AB139E /* Frameworks */,
				85D5F3131F93D6C900AB139E /* Resources */,
			);
			buildRules = (
			);
			dependencies = (
			);
			name = Pray;
			productName = Pray;
			productReference = 85D5F3151F93D6C900AB139E /* Pray.app */;
			productType = "com.apple.product-type.application";
		};
		85D5F32B1F93D6C900AB139E /* PrayTests */ = {
			isa = PBXNativeTarget;
			buildConfigurationList = 85D5F3431F93D6C900AB139E /* Build configuration list for PBXNativeTarget "PrayTests" */;
			buildPhases = (
				85D5F3281F93D6C900AB139E /* Sources */,
				85D5F3291F93D6C900AB139E /* Frameworks */,
				85D5F32A1F93D6C900AB139E /* Resources */,
			);
			buildRules = (
			);
			dependencies = (
				85D5F32E1F93D6C900AB139E /* PBXTargetDependency */,
			);
			name = PrayTests;
			productName = PrayTests;
			productReference = 85D5F32C1F93D6C900AB139E /* PrayTests.xctest */;
			productType = "com.apple.product-type.bundle.unit-test";
		};
		85D5F3361F93D6C900AB139E /* PrayUITests */ = {
			isa = PBXNativeTarget;
			buildConfigurationList = 85D5F3461F93D6C900AB139E /* Build configuration list for PBXNativeTarget "PrayUITests" */;
			buildPhases = (
				85D5F3331F93D6C900AB139E /* Sources */,
				85D5F3341F93D6C900AB139E /* Frameworks */,
				85D5F3351F93D6C900AB139E /* Resources */,
			);
			buildRules = (
			);
			dependencies = (
				85D5F3391F93D6C900AB139E /* PBXTargetDependency */,
			);
			name = PrayUITests;
			productName = PrayUITests;
			productReference = 85D5F3371F93D6C900AB139E /* PrayUITests.xctest */;
			productType = "com.apple.product-type.bundle.ui-testing";
		};
/* End PBXNativeTarget section */

/* Begin PBXProject section */
		85D5F30D1F93D6C900AB139E /* Project object */ = {
			isa = PBXProject;
			attributes = {
				LastSwiftUpdateCheck = 0900;
				LastUpgradeCheck = 0900;
				ORGANIZATIONNAME = "Jatin K";
				TargetAttributes = {
					85D5F3141F93D6C900AB139E = {
						CreatedOnToolsVersion = 9.0;
						ProvisioningStyle = Automatic;
					};
					85D5F32B1F93D6C900AB139E = {
						CreatedOnToolsVersion = 9.0;
						ProvisioningStyle = Automatic;
						TestTargetID = 85D5F3141F93D6C900AB139E;
					};
					85D5F3361F93D6C900AB139E = {
						CreatedOnToolsVersion = 9.0;
						ProvisioningStyle = Automatic;
						TestTargetID = 85D5F3141F93D6C900AB139E;
					};
				};
			};
			buildConfigurationList = 85D5F3101F93D6C900AB139E /* Build configuration list for PBXProject "Pray" */;
			compatibilityVersion = "Xcode 8.0";
			developmentRegion = en;
			hasScannedForEncodings = 0;
			knownRegions = (
				en,
				Base,
			);
			mainGroup = 85D5F30C1F93D6C900AB139E;
			productRefGroup = 85D5F3161F93D6C900AB139E /* Products */;
			projectDirPath = "";
			projectRoot = "";
			targets = (
				85D5F3141F93D6C900AB139E /* Pray */,
				85D5F32B1F93D6C900AB139E /* PrayTests */,
				85D5F3361F93D6C900AB139E /* PrayUITests */,
			);
		};
/* End PBXProject section */

/* Begin PBXResourcesBuildPhase section */
		85D5F3131F93D6C900AB139E /* Resources */ = {
			isa = PBXResourcesBuildPhase;
			buildActionMask = 2147483647;
			files = (
				85D5F3261F93D6C900AB139E /* LaunchScreen.storyboard in Resources */,
				85D5F3231F93D6C900AB139E /* Assets.xcassets in Resources */,
				85D5F31E1F93D6C900AB139E /* Main.storyboard in Resources */,
			);
			runOnlyForDeploymentPostprocessing = 0;
		};
		85D5F32A1F93D6C900AB139E /* Resources */ = {
			isa = PBXResourcesBuildPhase;
			buildActionMask = 2147483647;
			files = (
			);
			runOnlyForDeploymentPostprocessing = 0;
		};
		85D5F3351F93D6C900AB139E /* Resources */ = {
			isa = PBXResourcesBuildPhase;
			buildActionMask = 2147483647;
			files = (
			);
			runOnlyForDeploymentPostprocessing = 0;
		};
/* End PBXResourcesBuildPhase section */

/* Begin PBXSourcesBuildPhase section */
		85D5F3111F93D6C900AB139E /* Sources */ = {
			isa = PBXSourcesBuildPhase;
			buildActionMask = 2147483647;
			files = (
				85D5F3211F93D6C900AB139E /* Pray.xcdatamodeld in Sources */,
				85D5F31B1F93D6C900AB139E /* ViewController.swift in Sources */,
				85D5F3191F93D6C900AB139E /* AppDelegate.swift in Sources */,
			);
			runOnlyForDeploymentPostprocessing = 0;
		};
		85D5F3281F93D6C900AB139E /* Sources */ = {
			isa = PBXSourcesBuildPhase;
			buildActionMask = 2147483647;
			files = (
				85D5F3311F93D6C900AB139E /* PrayTests.swift in Sources */,
			);
			runOnlyForDeploymentPostprocessing = 0;
		};
		85D5F3331F93D6C900AB139E /* Sources */ = {
			isa = PBXSourcesBuildPhase;
			buildActionMask = 2147483647;
			files = (
				85D5F33C1F93D6C900AB139E /* PrayUITests.swift in Sources */,
			);
			runOnlyForDeploymentPostprocessing = 0;
		};
/* End PBXSourcesBuildPhase section */

/* Begin PBXTargetDependency section */
		85D5F32E1F93D6C900AB139E /* PBXTargetDependency */ = {
			isa = PBXTargetDependency;
			target = 85D5F3141F93D6C900AB139E /* Pray */;
			targetProxy = 85D5F32D1F93D6C900AB139E /* PBXContainerItemProxy */;
		};
		85D5F3391F93D6C900AB139E /* PBXTargetDependency */ = {
			isa = PBXTargetDependency;
			target = 85D5F3141F93D6C900AB139E /* Pray */;
			targetProxy = 85D5F3381F93D6C900AB139E /* PBXContainerItemProxy */;
		};
/* End PBXTargetDependency section */

/* Begin PBXVariantGroup section */
		85D5F31C1F93D6C900AB139E /* Main.storyboard */ = {
			isa = PBXVariantGroup;
			children = (
				85D5F31D1F93D6C900AB139E /* Base */,
			);
			name = Main.storyboard;
			sourceTree = "<group>";
		};
		85D5F3241F93D6C900AB139E /* LaunchScreen.storyboard */ = {
			isa = PBXVariantGroup;
			children = (
				85D5F3251F93D6C900AB139E /* Base */,
			);
			name = LaunchScreen.storyboard;
			sourceTree = "<group>";
		};
/* End PBXVariantGroup section */

/* Begin XCBuildConfiguration section */
		85D5F33E1F93D6C900AB139E /* Debug */ = {
			isa = XCBuildConfiguration;
			buildSettings = {
				ALWAYS_SEARCH_USER_PATHS = NO;
				CLANG_ANALYZER_NONNULL = YES;
				CLANG_ANALYZER_NUMBER_OBJECT_CONVERSION = YES_AGGRESSIVE;
				CLANG_CXX_LANGUAGE_STANDARD = "gnu++14";
				CLANG_CXX_LIBRARY = "libc++";
				CLANG_ENABLE_MODULES = YES;
				CLANG_ENABLE_OBJC_ARC = YES;
				CLANG_WARN_BLOCK_CAPTURE_AUTORELEASING = YES;
				CLANG_WARN_BOOL_CONVERSION = YES;
				CLANG_WARN_COMMA = YES;
				CLANG_WARN_CONSTANT_CONVERSION = YES;
				CLANG_WARN_DIRECT_OBJC_ISA_USAGE = YES_ERROR;
				CLANG_WARN_DOCUMENTATION_COMMENTS = YES;
				CLANG_WARN_EMPTY_BODY = YES;
				CLANG_WARN_ENUM_CONVERSION = YES;
				CLANG_WARN_INFINITE_RECURSION = YES;
				CLANG_WARN_INT_CONVERSION = YES;
				CLANG_WARN_NON_LITERAL_NULL_CONVERSION = YES;
				CLANG_WARN_OBJC_LITERAL_CONVERSION = YES;
				CLANG_WARN_OBJC_ROOT_CLASS = YES_ERROR;
				CLANG_WARN_RANGE_LOOP_ANALYSIS = YES;
				CLANG_WARN_STRICT_PROTOTYPES = YES;
				CLANG_WARN_SUSPICIOUS_MOVE = YES;
				CLANG_WARN_UNGUARDED_AVAILABILITY = YES_AGGRESSIVE;
				CLANG_WARN_UNREACHABLE_CODE = YES;
				CLANG_WARN__DUPLICATE_METHOD_MATCH = YES;
				CODE_SIGN_IDENTITY = "iPhone Developer";
				COPY_PHASE_STRIP = NO;
				DEBUG_INFORMATION_FORMAT = dwarf;
				ENABLE_STRICT_OBJC_MSGSEND = YES;
				ENABLE_TESTABILITY = YES;
				GCC_C_LANGUAGE_STANDARD = gnu11;
				GCC_DYNAMIC_NO_PIC = NO;
				GCC_NO_COMMON_BLOCKS = YES;
				GCC_OPTIMIZATION_LEVEL = 0;
				GCC_PREPROCESSOR_DEFINITIONS = (
					"DEBUG=1",
					"$(inherited)",
				);
				GCC_WARN_64_TO_32_BIT_CONVERSION = YES;
				GCC_WARN_ABOUT_RETURN_TYPE = YES_ERROR;
				GCC_WARN_UNDECLARED_SELECTOR = YES;
				GCC_WARN_UNINITIALIZED_AUTOS = YES_AGGRESSIVE;
				GCC_WARN_UNUSED_FUNCTION = YES;
				GCC_WARN_UNUSED_VARIABLE = YES;
				IPHONEOS_DEPLOYMENT_TARGET = 11.0;
				MTL_ENABLE_DEBUG_INFO = YES;
				ONLY_ACTIVE_ARCH = YES;
				SDKROOT = iphoneos;
				SWIFT_ACTIVE_COMPILATION_CONDITIONS = DEBUG;
				SWIFT_OPTIMIZATION_LEVEL = "-Onone";
			};
			name = Debug;
		};
		85D5F33F1F93D6C900AB139E /* Release */ = {
			isa = XCBuildConfiguration;
			buildSettings = {
				ALWAYS_SEARCH_USER_PATHS = NO;
				CLANG_ANALYZER_NONNULL = YES;
				CLANG_ANALYZER_NUMBER_OBJECT_CONVERSION = YES_AGGRESSIVE;
				CLANG_CXX_LANGUAGE_STANDARD = "gnu++14";
				CLANG_CXX_LIBRARY = "libc++";
				CLANG_ENABLE_MODULES = YES;
				CLANG_ENABLE_OBJC_ARC = YES;
				CLANG_WARN_BLOCK_CAPTURE_AUTORELEASING = YES;
				CLANG_WARN_BOOL_CONVERSION = YES;
				CLANG_WARN_COMMA = YES;
				CLANG_WARN_CONSTANT_CONVERSION = YES;
				CLANG_WARN_DIRECT_OBJC_ISA_USAGE = YES_ERROR;
				CLANG_WARN_DOCUMENTATION_COMMENTS = YES;
				CLANG_WARN_EMPTY_BODY = YES;
				CLANG_WARN_ENUM_CONVERSION = YES;
				CLANG_WARN_INFINITE_RECURSION = YES;
				CLANG_WARN_INT_CONVERSION = YES;
				CLANG_WARN_NON_LITERAL_NULL_CONVERSION = YES;
				CLANG_WARN_OBJC_LITERAL_CONVERSION = YES;
				CLANG_WARN_OBJC_ROOT_CLASS = YES_ERROR;
				CLANG_WARN_RANGE_LOOP_ANALYSIS = YES;
				CLANG_WARN_STRICT_PROTOTYPES = YES;
				CLANG_WARN_SUSPICIOUS_MOVE = YES;
				CLANG_WARN_UNGUARDED_AVAILABILITY = YES_AGGRESSIVE;
				CLANG_WARN_UNREACHABLE_CODE = YES;
				CLANG_WARN__DUPLICATE_METHOD_MATCH = YES;
				CODE_SIGN_IDENTITY = "iPhone Developer";
				COPY_PHASE_STRIP = NO;
				DEBUG_INFORMATION_FORMAT = "dwarf-with-dsym";
				ENABLE_NS_ASSERTIONS = NO;
				ENABLE_STRICT_OBJC_MSGSEND = YES;
				GCC_C_LANGUAGE_STANDARD = gnu11;
				GCC_NO_COMMON_BLOCKS = YES;
				GCC_WARN_64_TO_32_BIT_CONVERSION = YES;
				GCC_WARN_ABOUT_RETURN_TYPE = YES_ERROR;
				GCC_WARN_UNDECLARED_SELECTOR = YES;
				GCC_WARN_UNINITIALIZED_AUTOS = YES_AGGRESSIVE;
				GCC_WARN_UNUSED_FUNCTION = YES;
				GCC_WARN_UNUSED_VARIABLE = YES;
				IPHONEOS_DEPLOYMENT_TARGET = 11.0;
				MTL_ENABLE_DEBUG_INFO = NO;
				SDKROOT = iphoneos;
				SWIFT_OPTIMIZATION_LEVEL = "-Owholemodule";
				VALIDATE_PRODUCT = YES;
			};
			name = Release;
		};
		85D5F3411F93D6C900AB139E /* Debug */ = {
			isa = XCBuildConfiguration;
			buildSettings = {
				ASSETCATALOG_COMPILER_APPICON_NAME = AppIcon;
				CODE_SIGN_STYLE = Automatic;
				DEVELOPMENT_TEAM = HQBS4R3H6N;
				INFOPLIST_FILE = Pray/Info.plist;
				LD_RUNPATH_SEARCH_PATHS = "$(inherited) @executable_path/Frameworks";
				PRODUCT_BUNDLE_IDENTIFIER = jatin.Pray;
				PRODUCT_NAME = "$(TARGET_NAME)";
				SWIFT_VERSION = 4.0;
				TARGETED_DEVICE_FAMILY = "1,2";
			};
			name = Debug;
		};
		85D5F3421F93D6C900AB139E /* Release */ = {
			isa = XCBuildConfiguration;
			buildSettings = {
				ASSETCATALOG_COMPILER_APPICON_NAME = AppIcon;
				CODE_SIGN_STYLE = Automatic;
				DEVELOPMENT_TEAM = HQBS4R3H6N;
				INFOPLIST_FILE = Pray/Info.plist;
				LD_RUNPATH_SEARCH_PATHS = "$(inherited) @executable_path/Frameworks";
				PRODUCT_BUNDLE_IDENTIFIER = jatin.Pray;
				PRODUCT_NAME = "$(TARGET_NAME)";
				SWIFT_VERSION = 4.0;
				TARGETED_DEVICE_FAMILY = "1,2";
			};
			name = Release;
		};
		85D5F3441F93D6C900AB139E /* Debug */ = {
			isa = XCBuildConfiguration;
			buildSettings = {
				ALWAYS_EMBED_SWIFT_STANDARD_LIBRARIES = YES;
				BUNDLE_LOADER = "$(TEST_HOST)";
				CODE_SIGN_STYLE = Automatic;
				DEVELOPMENT_TEAM = HQBS4R3H6N;
				INFOPLIST_FILE = PrayTests/Info.plist;
				LD_RUNPATH_SEARCH_PATHS = "$(inherited) @executable_path/Frameworks @loader_path/Frameworks";
				PRODUCT_BUNDLE_IDENTIFIER = jatin.PrayTests;
				PRODUCT_NAME = "$(TARGET_NAME)";
				SWIFT_VERSION = 4.0;
				TARGETED_DEVICE_FAMILY = "1,2";
				TEST_HOST = "$(BUILT_PRODUCTS_DIR)/Pray.app/Pray";
			};
			name = Debug;
		};
		85D5F3451F93D6C900AB139E /* Release */ = {
			isa = XCBuildConfiguration;
			buildSettings = {
				ALWAYS_EMBED_SWIFT_STANDARD_LIBRARIES = YES;
				BUNDLE_LOADER = "$(TEST_HOST)";
				CODE_SIGN_STYLE = Automatic;
				DEVELOPMENT_TEAM = HQBS4R3H6N;
				INFOPLIST_FILE = PrayTests/Info.plist;
				LD_RUNPATH_SEARCH_PATHS = "$(inherited) @executable_path/Frameworks @loader_path/Frameworks";
				PRODUCT_BUNDLE_IDENTIFIER = jatin.PrayTests;
				PRODUCT_NAME = "$(TARGET_NAME)";
				SWIFT_VERSION = 4.0;
				TARGETED_DEVICE_FAMILY = "1,2";
				TEST_HOST = "$(BUILT_PRODUCTS_DIR)/Pray.app/Pray";
			};
			name = Release;
		};
		85D5F3471F93D6C900AB139E /* Debug */ = {
			isa = XCBuildConfiguration;
			buildSettings = {
				ALWAYS_EMBED_SWIFT_STANDARD_LIBRARIES = YES;
				CODE_SIGN_STYLE = Automatic;
				DEVELOPMENT_TEAM = HQBS4R3H6N;
				INFOPLIST_FILE = PrayUITests/Info.plist;
				LD_RUNPATH_SEARCH_PATHS = "$(inherited) @executable_path/Frameworks @loader_path/Frameworks";
				PRODUCT_BUNDLE_IDENTIFIER = jatin.PrayUITests;
				PRODUCT_NAME = "$(TARGET_NAME)";
				SWIFT_VERSION = 4.0;
				TARGETED_DEVICE_FAMILY = "1,2";
				TEST_TARGET_NAME = Pray;
			};
			name = Debug;
		};
		85D5F3481F93D6C900AB139E /* Release */ = {
			isa = XCBuildConfiguration;
			buildSettings = {
				ALWAYS_EMBED_SWIFT_STANDARD_LIBRARIES = YES;
				CODE_SIGN_STYLE = Automatic;
				DEVELOPMENT_TEAM = HQBS4R3H6N;
				INFOPLIST_FILE = PrayUITests/Info.plist;
				LD_RUNPATH_SEARCH_PATHS = "$(inherited) @executable_path/Frameworks @loader_path/Frameworks";
				PRODUCT_BUNDLE_IDENTIFIER = jatin.PrayUITests;
				PRODUCT_NAME = "$(TARGET_NAME)";
				SWIFT_VERSION = 4.0;
				TARGETED_DEVICE_FAMILY = "1,2";
				TEST_TARGET_NAME = Pray;
			};
			name = Release;
		};
/* End XCBuildConfiguration section */

/* Begin XCConfigurationList section */
		85D5F3101F93D6C900AB139E /* Build configuration list for PBXProject "Pray" */ = {
			isa = XCConfigurationList;
			buildConfigurations = (
				85D5F33E1F93D6C900AB139E /* Debug */,
				85D5F33F1F93D6C900AB139E /* Release */,
			);
			defaultConfigurationIsVisible = 0;
			defaultConfigurationName = Release;
		};
		85D5F3401F93D6C900AB139E /* Build configuration list for PBXNativeTarget "Pray" */ = {
			isa = XCConfigurationList;
			buildConfigurations = (
				85D5F3411F93D6C900AB139E /* Debug */,
				85D5F3421F93D6C900AB139E /* Release */,
			);
			defaultConfigurationIsVisible = 0;
			defaultConfigurationName = Release;
		};
		85D5F3431F93D6C900AB139E /* Build configuration list for PBXNativeTarget "PrayTests" */ = {
			isa = XCConfigurationList;
			buildConfigurations = (
				85D5F3441F93D6C900AB139E /* Debug */,
				85D5F3451F93D6C900AB139E /* Release */,
			);
			defaultConfigurationIsVisible = 0;
			defaultConfigurationName = Release;
		};
		85D5F3461F93D6C900AB139E /* Build configuration list for PBXNativeTarget "PrayUITests" */ = {
			isa = XCConfigurationList;
			buildConfigurations = (
				85D5F3471F93D6C900AB139E /* Debug */,
				85D5F3481F93D6C900AB139E /* Release */,
			);
			defaultConfigurationIsVisible = 0;
			defaultConfigurationName = Release;
		};
/* End XCConfigurationList section */

/* Begin XCVersionGroup section */
		85D5F31F1F93D6C900AB139E /* Pray.xcdatamodeld */ = {
			isa = XCVersionGroup;
			children = (
				85D5F3201F93D6C900AB139E /* Pray.xcdatamodel */,
			);
			currentVersion = 85D5F3201F93D6C900AB139E /* Pray.xcdatamodel */;
			path = Pray.xcdatamodeld;
			sourceTree = "<group>";
			versionGroupType = wrapper.xcdatamodel;
		};
/* End XCVersionGroup section */
	};
	rootObject = 85D5F30D1F93D6C900AB139E /* Project object */;
}
